
Microsoft Visual Studio Solution File, Format Version 12.00
# Visual Studio 14
VisualStudioVersion = 14.0.25420.1
MinimumVisualStudioVersion = 10.0.40219.1
Project("{FAE04EC0-301F-11D3-BF4B-00C04F79EFBC}") = "crud-csharp", "crud-csharp\crud-csharp.csproj", "{43FFE2D1-52E3-4778-9A90-4EFD14F6185A}"
EndProject
Project("{FAE04EC0-301F-11D3-BF4B-00C04F79EFBC}") = "crud-csharpTest", "crud-csharpTest\crud-csharpTest.csproj", "{A08AB129-5742-4761-84D7-BA58DC891D9E}"
EndProject
Global
	GlobalSection(SolutionConfigurationPlatforms) = preSolution
		Debug|Any CPU = Debug|Any CPU
		Release|Any CPU = Release|Any CPU
	EndGlobalSection
	GlobalSection(ProjectConfigurationPlatforms) = postSolution
		{43FFE2D1-52E3-4778-9A90-4EFD14F6185A}.Debug|Any CPU.ActiveCfg = Debug|Any CPU
		{43FFE2D1-52E3-4778-9A90-4EFD14F6185A}.Debug|Any CPU.Build.0 = Debug|Any CPU
		{43FFE2D1-52E3-4778-9A90-4EFD14F6185A}.Release|Any CPU.ActiveCfg = Release|Any CPU
		{43FFE2D1-52E3-4778-9A90-4EFD14F6185A}.Release|Any CPU.Build.0 = Release|Any CPU
		{A08AB129-5742-4761-84D7-BA58DC891D9E}.Debug|Any CPU.ActiveCfg = Debug|Any CPU
		{A08AB129-5742-4761-84D7-BA58DC891D9E}.Debug|Any CPU.Build.0 = Debug|Any CPU
		{A08AB129-5742-4761-84D7-BA58DC891D9E}.Release|Any CPU.ActiveCfg = Release|Any CPU
		{A08AB129-5742-4761-84D7-BA58DC891D9E}.Release|Any CPU.Build.0 = Release|Any CPU
	EndGlobalSection
	GlobalSection(SolutionProperties) = preSolution
		HideSolutionNode = FALSE
	EndGlobalSection
EndGlobal
